// !$*UTF8*$!
{
	archiveVersion = 1;
	classes = {
	};
	objectVersion = 56;
	objects = {

/* Begin PBXBuildFile section */
		9D5663B82B3BEF290069552B /* SocialMediaApp.swift in Sources */ = {isa = PBXBuildFile; fileRef = 9D5663B72B3BEF290069552B /* SocialMediaApp.swift */; };
		9D5663BA2B3BEF290069552B /* ContentView.swift in Sources */ = {isa = PBXBuildFile; fileRef = 9D5663B92B3BEF290069552B /* ContentView.swift */; };
		9D5663BC2B3BEF2A0069552B /* Assets.xcassets in Resources */ = {isa = PBXBuildFile; fileRef = 9D5663BB2B3BEF2A0069552B /* Assets.xcassets */; };
		9D5663BF2B3BEF2A0069552B /* Preview Assets.xcassets in Resources */ = {isa = PBXBuildFile; fileRef = 9D5663BE2B3BEF2A0069552B /* Preview Assets.xcassets */; };
		9D5663C92B3BEF2A0069552B /* SocialMediaTests.swift in Sources */ = {isa = PBXBuildFile; fileRef = 9D5663C82B3BEF2A0069552B /* SocialMediaTests.swift */; };
		9D5663D32B3BEF2A0069552B /* SocialMediaUITests.swift in Sources */ = {isa = PBXBuildFile; fileRef = 9D5663D22B3BEF2A0069552B /* SocialMediaUITests.swift */; };
		9D5663D52B3BEF2A0069552B /* SocialMediaUITestsLaunchTests.swift in Sources */ = {isa = PBXBuildFile; fileRef = 9D5663D42B3BEF2A0069552B /* SocialMediaUITestsLaunchTests.swift */; };
		9D5663E22B3BF0070069552B /* GoogleService-Info.plist in Resources */ = {isa = PBXBuildFile; fileRef = 9D5663E12B3BF0070069552B /* GoogleService-Info.plist */; };
		9D5663E82B3BF26A0069552B /* LoginView.swift in Sources */ = {isa = PBXBuildFile; fileRef = 9D5663E72B3BF26A0069552B /* LoginView.swift */; };
		9D6725822B3DDBF900466BA2 /* FirebaseAuth in Frameworks */ = {isa = PBXBuildFile; productRef = 9D6725812B3DDBF900466BA2 /* FirebaseAuth */; };
/* End PBXBuildFile section */

/* Begin PBXContainerItemProxy section */
		9D5663C52B3BEF2A0069552B /* PBXContainerItemProxy */ = {
			isa = PBXContainerItemProxy;
			containerPortal = 9D5663AC2B3BEF290069552B /* Project object */;
			proxyType = 1;
			remoteGlobalIDString = 9D5663B32B3BEF290069552B;
			remoteInfo = SocialMedia;
		};
		9D5663CF2B3BEF2A0069552B /* PBXContainerItemProxy */ = {
			isa = PBXContainerItemProxy;
			containerPortal = 9D5663AC2B3BEF290069552B /* Project object */;
			proxyType = 1;
			remoteGlobalIDString = 9D5663B32B3BEF290069552B;
			remoteInfo = SocialMedia;
		};
/* End PBXContainerItemProxy section */

/* Begin PBXFileReference section */
		9D5663B42B3BEF290069552B /* SocialMedia.app */ = {isa = PBXFileReference; explicitFileType = wrapper.application; includeInIndex = 0; path = SocialMedia.app; sourceTree = BUILT_PRODUCTS_DIR; };
		9D5663B72B3BEF290069552B /* SocialMediaApp.swift */ = {isa = PBXFileReference; lastKnownFileType = sourcecode.swift; path = SocialMediaApp.swift; sourceTree = "<group>"; };
		9D5663B92B3BEF290069552B /* ContentView.swift */ = {isa = PBXFileReference; lastKnownFileType = sourcecode.swift; path = ContentView.swift; sourceTree = "<group>"; };
		9D5663BB2B3BEF2A0069552B /* Assets.xcassets */ = {isa = PBXFileReference; lastKnownFileType = folder.assetcatalog; path = Assets.xcassets; sourceTree = "<group>"; };
		9D5663BE2B3BEF2A0069552B /* Preview Assets.xcassets */ = {isa = PBXFileReference; lastKnownFileType = folder.assetcatalog; path = "Preview Assets.xcassets"; sourceTree = "<group>"; };
		9D5663C42B3BEF2A0069552B /* SocialMediaTests.xctest */ = {isa = PBXFileReference; explicitFileType = wrapper.cfbundle; includeInIndex = 0; path = SocialMediaTests.xctest; sourceTree = BUILT_PRODUCTS_DIR; };
		9D5663C82B3BEF2A0069552B /* SocialMediaTests.swift */ = {isa = PBXFileReference; lastKnownFileType = sourcecode.swift; path = SocialMediaTests.swift; sourceTree = "<group>"; };
		9D5663CE2B3BEF2A0069552B /* SocialMediaUITests.xctest */ = {isa = PBXFileReference; explicitFileType = wrapper.cfbundle; includeInIndex = 0; path = SocialMediaUITests.xctest; sourceTree = BUILT_PRODUCTS_DIR; };
		9D5663D22B3BEF2A0069552B /* SocialMediaUITests.swift */ = {isa = PBXFileReference; lastKnownFileType = sourcecode.swift; path = SocialMediaUITests.swift; sourceTree = "<group>"; };
		9D5663D42B3BEF2A0069552B /* SocialMediaUITestsLaunchTests.swift */ = {isa = PBXFileReference; lastKnownFileType = sourcecode.swift; path = SocialMediaUITestsLaunchTests.swift; sourceTree = "<group>"; };
		9D5663E12B3BF0070069552B /* GoogleService-Info.plist */ = {isa = PBXFileReference; fileEncoding = 4; lastKnownFileType = text.plist.xml; path = "GoogleService-Info.plist"; sourceTree = "<group>"; };
		9D5663E72B3BF26A0069552B /* LoginView.swift */ = {isa = PBXFileReference; lastKnownFileType = sourcecode.swift; path = LoginView.swift; sourceTree = "<group>"; };
/* End PBXFileReference section */

/* Begin PBXFrameworksBuildPhase section */
		9D5663B12B3BEF290069552B /* Frameworks */ = {
			isa = PBXFrameworksBuildPhase;
			buildActionMask = 2147483647;
			files = (
				9D6725822B3DDBF900466BA2 /* FirebaseAuth in Frameworks */,
			);
			runOnlyForDeploymentPostprocessing = 0;
		};
		9D5663C12B3BEF2A0069552B /* Frameworks */ = {
			isa = PBXFrameworksBuildPhase;
			buildActionMask = 2147483647;
			files = (
			);
			runOnlyForDeploymentPostprocessing = 0;
		};
		9D5663CB2B3BEF2A0069552B /* Frameworks */ = {
			isa = PBXFrameworksBuildPhase;
			buildActionMask = 2147483647;
			files = (
			);
			runOnlyForDeploymentPostprocessing = 0;
		};
/* End PBXFrameworksBuildPhase section */

/* Begin PBXGroup section */
		9D5663AB2B3BEF290069552B = {
			isa = PBXGroup;
			children = (
				9D5663B62B3BEF290069552B /* SocialMedia */,
				9D5663C72B3BEF2A0069552B /* SocialMediaTests */,
				9D5663D12B3BEF2A0069552B /* SocialMediaUITests */,
				9D5663B52B3BEF290069552B /* Products */,
				9D6725802B3DDBF900466BA2 /* Frameworks */,
			);
			sourceTree = "<group>";
		};
		9D5663B52B3BEF290069552B /* Products */ = {
			isa = PBXGroup;
			children = (
				9D5663B42B3BEF290069552B /* SocialMedia.app */,
				9D5663C42B3BEF2A0069552B /* SocialMediaTests.xctest */,
				9D5663CE2B3BEF2A0069552B /* SocialMediaUITests.xctest */,
			);
			name = Products;
			sourceTree = "<group>";
		};
		9D5663B62B3BEF290069552B /* SocialMedia */ = {
			isa = PBXGroup;
			children = (
				9D5663E62B3BF22E0069552B /* Model */,
				9D5663E52B3BF2210069552B /* View */,
				9D5663B72B3BEF290069552B /* SocialMediaApp.swift */,
				9D5663B92B3BEF290069552B /* ContentView.swift */,
				9D5663BB2B3BEF2A0069552B /* Assets.xcassets */,
				9D5663E12B3BF0070069552B /* GoogleService-Info.plist */,
				9D5663BD2B3BEF2A0069552B /* Preview Content */,
			);
			path = SocialMedia;
			sourceTree = "<group>";
		};
		9D5663BD2B3BEF2A0069552B /* Preview Content */ = {
			isa = PBXGroup;
			children = (
				9D5663BE2B3BEF2A0069552B /* Preview Assets.xcassets */,
			);
			path = "Preview Content";
			sourceTree = "<group>";
		};
		9D5663C72B3BEF2A0069552B /* SocialMediaTests */ = {
			isa = PBXGroup;
			children = (
				9D5663C82B3BEF2A0069552B /* SocialMediaTests.swift */,
			);
			path = SocialMediaTests;
			sourceTree = "<group>";
		};
		9D5663D12B3BEF2A0069552B /* SocialMediaUITests */ = {
			isa = PBXGroup;
			children = (
				9D5663D22B3BEF2A0069552B /* SocialMediaUITests.swift */,
				9D5663D42B3BEF2A0069552B /* SocialMediaUITestsLaunchTests.swift */,
			);
			path = SocialMediaUITests;
			sourceTree = "<group>";
		};
		9D5663E52B3BF2210069552B /* View */ = {
			isa = PBXGroup;
			children = (
				9D5663E72B3BF26A0069552B /* LoginView.swift */,
			);
			path = View;
			sourceTree = "<group>";
		};
		9D5663E62B3BF22E0069552B /* Model */ = {
			isa = PBXGroup;
			children = (
			);
			path = Model;
			sourceTree = "<group>";
		};
		9D6725802B3DDBF900466BA2 /* Frameworks */ = {
			isa = PBXGroup;
			children = (
			);
			name = Frameworks;
			sourceTree = "<group>";
		};
/* End PBXGroup section */

/* Begin PBXNativeTarget section */
		9D5663B32B3BEF290069552B /* SocialMedia */ = {
			isa = PBXNativeTarget;
			buildConfigurationList = 9D5663D82B3BEF2A0069552B /* Build configuration list for PBXNativeTarget "SocialMedia" */;
			buildPhases = (
				9D5663B02B3BEF290069552B /* Sources */,
				9D5663B12B3BEF290069552B /* Frameworks */,
				9D5663B22B3BEF290069552B /* Resources */,
			);
			buildRules = (
			);
			dependencies = (
			);
			name = SocialMedia;
			packageProductDependencies = (
				9D6725812B3DDBF900466BA2 /* FirebaseAuth */,
			);
			productName = SocialMedia;
			productReference = 9D5663B42B3BEF290069552B /* SocialMedia.app */;
			productType = "com.apple.product-type.application";
		};
		9D5663C32B3BEF2A0069552B /* SocialMediaTests */ = {
			isa = PBXNativeTarget;
			buildConfigurationList = 9D5663DB2B3BEF2A0069552B /* Build configuration list for PBXNativeTarget "SocialMediaTests" */;
			buildPhases = (
				9D5663C02B3BEF2A0069552B /* Sources */,
				9D5663C12B3BEF2A0069552B /* Frameworks */,
				9D5663C22B3BEF2A0069552B /* Resources */,
			);
			buildRules = (
			);
			dependencies = (
				9D5663C62B3BEF2A0069552B /* PBXTargetDependency */,
			);
			name = SocialMediaTests;
			productName = SocialMediaTests;
			productReference = 9D5663C42B3BEF2A0069552B /* SocialMediaTests.xctest */;
			productType = "com.apple.product-type.bundle.unit-test";
		};
		9D5663CD2B3BEF2A0069552B /* SocialMediaUITests */ = {
			isa = PBXNativeTarget;
			buildConfigurationList = 9D5663DE2B3BEF2A0069552B /* Build configuration list for PBXNativeTarget "SocialMediaUITests" */;
			buildPhases = (
				9D5663CA2B3BEF2A0069552B /* Sources */,
				9D5663CB2B3BEF2A0069552B /* Frameworks */,
				9D5663CC2B3BEF2A0069552B /* Resources */,
			);
			buildRules = (
			);
			dependencies = (
				9D5663D02B3BEF2A0069552B /* PBXTargetDependency */,
			);
			name = SocialMediaUITests;
			productName = SocialMediaUITests;
			productReference = 9D5663CE2B3BEF2A0069552B /* SocialMediaUITests.xctest */;
			productType = "com.apple.product-type.bundle.ui-testing";
		};
/* End PBXNativeTarget section */

/* Begin PBXProject section */
		9D5663AC2B3BEF290069552B /* Project object */ = {
			isa = PBXProject;
			attributes = {
				BuildIndependentTargetsInParallel = 1;
				LastSwiftUpdateCheck = 1510;
				LastUpgradeCheck = 1510;
				TargetAttributes = {
					9D5663B32B3BEF290069552B = {
						CreatedOnToolsVersion = 15.1;
					};
					9D5663C32B3BEF2A0069552B = {
						CreatedOnToolsVersion = 15.1;
						TestTargetID = 9D5663B32B3BEF290069552B;
					};
					9D5663CD2B3BEF2A0069552B = {
						CreatedOnToolsVersion = 15.1;
						TestTargetID = 9D5663B32B3BEF290069552B;
					};
				};
			};
			buildConfigurationList = 9D5663AF2B3BEF290069552B /* Build configuration list for PBXProject "SocialMedia" */;
			compatibilityVersion = "Xcode 14.0";
			developmentRegion = en;
			hasScannedForEncodings = 0;
			knownRegions = (
				en,
				Base,
			);
			mainGroup = 9D5663AB2B3BEF290069552B;
			packageReferences = (
				9D5663E32B3BF1260069552B /* XCRemoteSwiftPackageReference "firebase-ios-sdk" */,
			);
			productRefGroup = 9D5663B52B3BEF290069552B /* Products */;
			projectDirPath = "";
			projectRoot = "";
			targets = (
				9D5663B32B3BEF290069552B /* SocialMedia */,
				9D5663C32B3BEF2A0069552B /* SocialMediaTests */,
				9D5663CD2B3BEF2A0069552B /* SocialMediaUITests */,
			);
		};
/* End PBXProject section */

/* Begin PBXResourcesBuildPhase section */
		9D5663B22B3BEF290069552B /* Resources */ = {
			isa = PBXResourcesBuildPhase;
			buildActionMask = 2147483647;
			files = (
				9D5663BF2B3BEF2A0069552B /* Preview Assets.xcassets in Resources */,
				9D5663BC2B3BEF2A0069552B /* Assets.xcassets in Resources */,
				9D5663E22B3BF0070069552B /* GoogleService-Info.plist in Resources */,
			);
			runOnlyForDeploymentPostprocessing = 0;
		};
		9D5663C22B3BEF2A0069552B /* Resources */ = {
			isa = PBXResourcesBuildPhase;
			buildActionMask = 2147483647;
			files = (
			);
			runOnlyForDeploymentPostprocessing = 0;
		};
		9D5663CC2B3BEF2A0069552B /* Resources */ = {
			isa = PBXResourcesBuildPhase;
			buildActionMask = 2147483647;
			files = (
			);
			runOnlyForDeploymentPostprocessing = 0;
		};
/* End PBXResourcesBuildPhase section */

/* Begin PBXSourcesBuildPhase section */
		9D5663B02B3BEF290069552B /* Sources */ = {
			isa = PBXSourcesBuildPhase;
			buildActionMask = 2147483647;
			files = (
				9D5663E82B3BF26A0069552B /* LoginView.swift in Sources */,
				9D5663BA2B3BEF290069552B /* ContentView.swift in Sources */,
				9D5663B82B3BEF290069552B /* SocialMediaApp.swift in Sources */,
			);
			runOnlyForDeploymentPostprocessing = 0;
		};
		9D5663C02B3BEF2A0069552B /* Sources */ = {
			isa = PBXSourcesBuildPhase;
			buildActionMask = 2147483647;
			files = (
				9D5663C92B3BEF2A0069552B /* SocialMediaTests.swift in Sources */,
			);
			runOnlyForDeploymentPostprocessing = 0;
		};
		9D5663CA2B3BEF2A0069552B /* Sources */ = {
			isa = PBXSourcesBuildPhase;
			buildActionMask = 2147483647;
			files = (
				9D5663D52B3BEF2A0069552B /* SocialMediaUITestsLaunchTests.swift in Sources */,
				9D5663D32B3BEF2A0069552B /* SocialMediaUITests.swift in Sources */,
			);
			runOnlyForDeploymentPostprocessing = 0;
		};
/* End PBXSourcesBuildPhase section */

/* Begin PBXTargetDependency section */
		9D5663C62B3BEF2A0069552B /* PBXTargetDependency */ = {
			isa = PBXTargetDependency;
			target = 9D5663B32B3BEF290069552B /* SocialMedia */;
			targetProxy = 9D5663C52B3BEF2A0069552B /* PBXContainerItemProxy */;
		};
		9D5663D02B3BEF2A0069552B /* PBXTargetDependency */ = {
			isa = PBXTargetDependency;
			target = 9D5663B32B3BEF290069552B /* SocialMedia */;
			targetProxy = 9D5663CF2B3BEF2A0069552B /* PBXContainerItemProxy */;
		};
/* End PBXTargetDependency section */

/* Begin XCBuildConfiguration section */
		9D5663D62B3BEF2A0069552B /* Debug */ = {
			isa = XCBuildConfiguration;
			buildSettings = {
				ALWAYS_SEARCH_USER_PATHS = NO;
				ASSETCATALOG_COMPILER_GENERATE_SWIFT_ASSET_SYMBOL_EXTENSIONS = YES;
				CLANG_ANALYZER_NONNULL = YES;
				CLANG_ANALYZER_NUMBER_OBJECT_CONVERSION = YES_AGGRESSIVE;
				CLANG_CXX_LANGUAGE_STANDARD = "gnu++20";
				CLANG_ENABLE_MODULES = YES;
				CLANG_ENABLE_OBJC_ARC = YES;
				CLANG_ENABLE_OBJC_WEAK = YES;
				CLANG_WARN_BLOCK_CAPTURE_AUTORELEASING = YES;
				CLANG_WARN_BOOL_CONVERSION = YES;
				CLANG_WARN_COMMA = YES;
				CLANG_WARN_CONSTANT_CONVERSION = YES;
				CLANG_WARN_DEPRECATED_OBJC_IMPLEMENTATIONS = YES;
				CLANG_WARN_DIRECT_OBJC_ISA_USAGE = YES_ERROR;
				CLANG_WARN_DOCUMENTATION_COMMENTS = YES;
				CLANG_WARN_EMPTY_BODY = YES;
				CLANG_WARN_ENUM_CONVERSION = YES;
				CLANG_WARN_INFINITE_RECURSION = YES;
				CLANG_WARN_INT_CONVERSION = YES;
				CLANG_WARN_NON_LITERAL_NULL_CONVERSION = YES;
				CLANG_WARN_OBJC_IMPLICIT_RETAIN_SELF = YES;
				CLANG_WARN_OBJC_LITERAL_CONVERSION = YES;
				CLANG_WARN_OBJC_ROOT_CLASS = YES_ERROR;
				CLANG_WARN_QUOTED_INCLUDE_IN_FRAMEWORK_HEADER = YES;
				CLANG_WARN_RANGE_LOOP_ANALYSIS = YES;
				CLANG_WARN_STRICT_PROTOTYPES = YES;
				CLANG_WARN_SUSPICIOUS_MOVE = YES;
				CLANG_WARN_UNGUARDED_AVAILABILITY = YES_AGGRESSIVE;
				CLANG_WARN_UNREACHABLE_CODE = YES;
				CLANG_WARN__DUPLICATE_METHOD_MATCH = YES;
				COPY_PHASE_STRIP = NO;
				DEBUG_INFORMATION_FORMAT = dwarf;
				ENABLE_STRICT_OBJC_MSGSEND = YES;
				ENABLE_TESTABILITY = YES;
				ENABLE_USER_SCRIPT_SANDBOXING = YES;
				GCC_C_LANGUAGE_STANDARD = gnu17;
				GCC_DYNAMIC_NO_PIC = NO;
				GCC_NO_COMMON_BLOCKS = YES;
				GCC_OPTIMIZATION_LEVEL = 0;
				GCC_PREPROCESSOR_DEFINITIONS = (
					"DEBUG=1",
					"$(inherited)",
				);
				GCC_WARN_64_TO_32_BIT_CONVERSION = YES;
				GCC_WARN_ABOUT_RETURN_TYPE = YES_ERROR;
				GCC_WARN_UNDECLARED_SELECTOR = YES;
				GCC_WARN_UNINITIALIZED_AUTOS = YES_AGGRESSIVE;
				GCC_WARN_UNUSED_FUNCTION = YES;
				GCC_WARN_UNUSED_VARIABLE = YES;
				IPHONEOS_DEPLOYMENT_TARGET = 17.2;
				LOCALIZATION_PREFERS_STRING_CATALOGS = YES;
				MTL_ENABLE_DEBUG_INFO = INCLUDE_SOURCE;
				MTL_FAST_MATH = YES;
				ONLY_ACTIVE_ARCH = YES;
				SDKROOT = iphoneos;
				SWIFT_ACTIVE_COMPILATION_CONDITIONS = "DEBUG $(inherited)";
				SWIFT_OPTIMIZATION_LEVEL = "-Onone";
			};
			name = Debug;
		};
		9D5663D72B3BEF2A0069552B /* Release */ = {
			isa = XCBuildConfiguration;
			buildSettings = {
				ALWAYS_SEARCH_USER_PATHS = NO;
				ASSETCATALOG_COMPILER_GENERATE_SWIFT_ASSET_SYMBOL_EXTENSIONS = YES;
				CLANG_ANALYZER_NONNULL = YES;
				CLANG_ANALYZER_NUMBER_OBJECT_CONVERSION = YES_AGGRESSIVE;
				CLANG_CXX_LANGUAGE_STANDARD = "gnu++20";
				CLANG_ENABLE_MODULES = YES;
				CLANG_ENABLE_OBJC_ARC = YES;
				CLANG_ENABLE_OBJC_WEAK = YES;
				CLANG_WARN_BLOCK_CAPTURE_AUTORELEASING = YES;
				CLANG_WARN_BOOL_CONVERSION = YES;
				CLANG_WARN_COMMA = YES;
				CLANG_WARN_CONSTANT_CONVERSION = YES;
				CLANG_WARN_DEPRECATED_OBJC_IMPLEMENTATIONS = YES;
				CLANG_WARN_DIRECT_OBJC_ISA_USAGE = YES_ERROR;
				CLANG_WARN_DOCUMENTATION_COMMENTS = YES;
				CLANG_WARN_EMPTY_BODY = YES;
				CLANG_WARN_ENUM_CONVERSION = YES;
				CLANG_WARN_INFINITE_RECURSION = YES;
				CLANG_WARN_INT_CONVERSION = YES;
				CLANG_WARN_NON_LITERAL_NULL_CONVERSION = YES;
				CLANG_WARN_OBJC_IMPLICIT_RETAIN_SELF = YES;
				CLANG_WARN_OBJC_LITERAL_CONVERSION = YES;
				CLANG_WARN_OBJC_ROOT_CLASS = YES_ERROR;
				CLANG_WARN_QUOTED_INCLUDE_IN_FRAMEWORK_HEADER = YES;
				CLANG_WARN_RANGE_LOOP_ANALYSIS = YES;
				CLANG_WARN_STRICT_PROTOTYPES = YES;
				CLANG_WARN_SUSPICIOUS_MOVE = YES;
				CLANG_WARN_UNGUARDED_AVAILABILITY = YES_AGGRESSIVE;
				CLANG_WARN_UNREACHABLE_CODE = YES;
				CLANG_WARN__DUPLICATE_METHOD_MATCH = YES;
				COPY_PHASE_STRIP = NO;
				DEBUG_INFORMATION_FORMAT = "dwarf-with-dsym";
				ENABLE_NS_ASSERTIONS = NO;
				ENABLE_STRICT_OBJC_MSGSEND = YES;
				ENABLE_USER_SCRIPT_SANDBOXING = YES;
				GCC_C_LANGUAGE_STANDARD = gnu17;
				GCC_NO_COMMON_BLOCKS = YES;
				GCC_WARN_64_TO_32_BIT_CONVERSION = YES;
				GCC_WARN_ABOUT_RETURN_TYPE = YES_ERROR;
				GCC_WARN_UNDECLARED_SELECTOR = YES;
				GCC_WARN_UNINITIALIZED_AUTOS = YES_AGGRESSIVE;
				GCC_WARN_UNUSED_FUNCTION = YES;
				GCC_WARN_UNUSED_VARIABLE = YES;
				IPHONEOS_DEPLOYMENT_TARGET = 17.2;
				LOCALIZATION_PREFERS_STRING_CATALOGS = YES;
				MTL_ENABLE_DEBUG_INFO = NO;
				MTL_FAST_MATH = YES;
				SDKROOT = iphoneos;
				SWIFT_COMPILATION_MODE = wholemodule;
				VALIDATE_PRODUCT = YES;
			};
			name = Release;
		};
		9D5663D92B3BEF2A0069552B /* Debug */ = {
			isa = XCBuildConfiguration;
			buildSettings = {
				ASSETCATALOG_COMPILER_APPICON_NAME = AppIcon;
				ASSETCATALOG_COMPILER_GLOBAL_ACCENT_COLOR_NAME = AccentColor;
				CODE_SIGN_STYLE = Automatic;
				CURRENT_PROJECT_VERSION = 1;
				DEVELOPMENT_ASSET_PATHS = "\"SocialMedia/Preview Content\"";
				DEVELOPMENT_TEAM = JF4JYD8QG8;
				ENABLE_PREVIEWS = YES;
				GENERATE_INFOPLIST_FILE = YES;
				INFOPLIST_KEY_UIApplicationSceneManifest_Generation = YES;
				INFOPLIST_KEY_UIApplicationSupportsIndirectInputEvents = YES;
				INFOPLIST_KEY_UILaunchScreen_Generation = YES;
				INFOPLIST_KEY_UISupportedInterfaceOrientations_iPad = "UIInterfaceOrientationPortrait UIInterfaceOrientationPortraitUpsideDown UIInterfaceOrientationLandscapeLeft UIInterfaceOrientationLandscapeRight";
				INFOPLIST_KEY_UISupportedInterfaceOrientations_iPhone = "UIInterfaceOrientationPortrait UIInterfaceOrientationLandscapeLeft UIInterfaceOrientationLandscapeRight";
				LD_RUNPATH_SEARCH_PATHS = (
					"$(inherited)",
					"@executable_path/Frameworks",
				);
				MARKETING_VERSION = 1.0;
				PRODUCT_BUNDLE_IDENTIFIER = com.andrewdurnford.SocialMedia;
				PRODUCT_NAME = "$(TARGET_NAME)";
				SWIFT_EMIT_LOC_STRINGS = YES;
				SWIFT_VERSION = 5.0;
				TARGETED_DEVICE_FAMILY = "1,2";
			};
			name = Debug;
		};
		9D5663DA2B3BEF2A0069552B /* Release */ = {
			isa = XCBuildConfiguration;
			buildSettings = {
				ASSETCATALOG_COMPILER_APPICON_NAME = AppIcon;
				ASSETCATALOG_COMPILER_GLOBAL_ACCENT_COLOR_NAME = AccentColor;
				CODE_SIGN_STYLE = Automatic;
				CURRENT_PROJECT_VERSION = 1;
				DEVELOPMENT_ASSET_PATHS = "\"SocialMedia/Preview Content\"";
				DEVELOPMENT_TEAM = JF4JYD8QG8;
				ENABLE_PREVIEWS = YES;
				GENERATE_INFOPLIST_FILE = YES;
				INFOPLIST_KEY_UIApplicationSceneManifest_Generation = YES;
				INFOPLIST_KEY_UIApplicationSupportsIndirectInputEvents = YES;
				INFOPLIST_KEY_UILaunchScreen_Generation = YES;
				INFOPLIST_KEY_UISupportedInterfaceOrientations_iPad = "UIInterfaceOrientationPortrait UIInterfaceOrientationPortraitUpsideDown UIInterfaceOrientationLandscapeLeft UIInterfaceOrientationLandscapeRight";
				INFOPLIST_KEY_UISupportedInterfaceOrientations_iPhone = "UIInterfaceOrientationPortrait UIInterfaceOrientationLandscapeLeft UIInterfaceOrientationLandscapeRight";
				LD_RUNPATH_SEARCH_PATHS = (
					"$(inherited)",
					"@executable_path/Frameworks",
				);
				MARKETING_VERSION = 1.0;
				PRODUCT_BUNDLE_IDENTIFIER = com.andrewdurnford.SocialMedia;
				PRODUCT_NAME = "$(TARGET_NAME)";
				SWIFT_EMIT_LOC_STRINGS = YES;
				SWIFT_VERSION = 5.0;
				TARGETED_DEVICE_FAMILY = "1,2";
			};
			name = Release;
		};
		9D5663DC2B3BEF2A0069552B /* Debug */ = {
			isa = XCBuildConfiguration;
			buildSettings = {
				ALWAYS_EMBED_SWIFT_STANDARD_LIBRARIES = YES;
				BUNDLE_LOADER = "$(TEST_HOST)";
				CODE_SIGN_STYLE = Automatic;
				CURRENT_PROJECT_VERSION = 1;
				DEVELOPMENT_TEAM = JF4JYD8QG8;
				GENERATE_INFOPLIST_FILE = YES;
				IPHONEOS_DEPLOYMENT_TARGET = 17.2;
				MARKETING_VERSION = 1.0;
				PRODUCT_BUNDLE_IDENTIFIER = com.andrewdurnford.SocialMediaTests;
				PRODUCT_NAME = "$(TARGET_NAME)";
				SWIFT_EMIT_LOC_STRINGS = NO;
				SWIFT_VERSION = 5.0;
				TARGETED_DEVICE_FAMILY = "1,2";
				TEST_HOST = "$(BUILT_PRODUCTS_DIR)/SocialMedia.app/$(BUNDLE_EXECUTABLE_FOLDER_PATH)/SocialMedia";
			};
			name = Debug;
		};
		9D5663DD2B3BEF2A0069552B /* Release */ = {
			isa = XCBuildConfiguration;
			buildSettings = {
				ALWAYS_EMBED_SWIFT_STANDARD_LIBRARIES = YES;
				BUNDLE_LOADER = "$(TEST_HOST)";
				CODE_SIGN_STYLE = Automatic;
				CURRENT_PROJECT_VERSION = 1;
				DEVELOPMENT_TEAM = JF4JYD8QG8;
				GENERATE_INFOPLIST_FILE = YES;
				IPHONEOS_DEPLOYMENT_TARGET = 17.2;
				MARKETING_VERSION = 1.0;
				PRODUCT_BUNDLE_IDENTIFIER = com.andrewdurnford.SocialMediaTests;
				PRODUCT_NAME = "$(TARGET_NAME)";
				SWIFT_EMIT_LOC_STRINGS = NO;
				SWIFT_VERSION = 5.0;
				TARGETED_DEVICE_FAMILY = "1,2";
				TEST_HOST = "$(BUILT_PRODUCTS_DIR)/SocialMedia.app/$(BUNDLE_EXECUTABLE_FOLDER_PATH)/SocialMedia";
			};
			name = Release;
		};
		9D5663DF2B3BEF2A0069552B /* Debug */ = {
			isa = XCBuildConfiguration;
			buildSettings = {
				ALWAYS_EMBED_SWIFT_STANDARD_LIBRARIES = YES;
				CODE_SIGN_STYLE = Automatic;
				CURRENT_PROJECT_VERSION = 1;
				DEVELOPMENT_TEAM = JF4JYD8QG8;
				GENERATE_INFOPLIST_FILE = YES;
				MARKETING_VERSION = 1.0;
				PRODUCT_BUNDLE_IDENTIFIER = com.andrewdurnford.SocialMediaUITests;
				PRODUCT_NAME = "$(TARGET_NAME)";
				SWIFT_EMIT_LOC_STRINGS = NO;
				SWIFT_VERSION = 5.0;
				TARGETED_DEVICE_FAMILY = "1,2";
				TEST_TARGET_NAME = SocialMedia;
			};
			name = Debug;
		};
		9D5663E02B3BEF2A0069552B /* Release */ = {
			isa = XCBuildConfiguration;
			buildSettings = {
				ALWAYS_EMBED_SWIFT_STANDARD_LIBRARIES = YES;
				CODE_SIGN_STYLE = Automatic;
				CURRENT_PROJECT_VERSION = 1;
				DEVELOPMENT_TEAM = JF4JYD8QG8;
				GENERATE_INFOPLIST_FILE = YES;
				MARKETING_VERSION = 1.0;
				PRODUCT_BUNDLE_IDENTIFIER = com.andrewdurnford.SocialMediaUITests;
				PRODUCT_NAME = "$(TARGET_NAME)";
				SWIFT_EMIT_LOC_STRINGS = NO;
				SWIFT_VERSION = 5.0;
				TARGETED_DEVICE_FAMILY = "1,2";
				TEST_TARGET_NAME = SocialMedia;
			};
			name = Release;
		};
/* End XCBuildConfiguration section */

/* Begin XCConfigurationList section */
		9D5663AF2B3BEF290069552B /* Build configuration list for PBXProject "SocialMedia" */ = {
			isa = XCConfigurationList;
			buildConfigurations = (
				9D5663D62B3BEF2A0069552B /* Debug */,
				9D5663D72B3BEF2A0069552B /* Release */,
			);
			defaultConfigurationIsVisible = 0;
			defaultConfigurationName = Release;
		};
		9D5663D82B3BEF2A0069552B /* Build configuration list for PBXNativeTarget "SocialMedia" */ = {
			isa = XCConfigurationList;
			buildConfigurations = (
				9D5663D92B3BEF2A0069552B /* Debug */,
				9D5663DA2B3BEF2A0069552B /* Release */,
			);
			defaultConfigurationIsVisible = 0;
			defaultConfigurationName = Release;
		};
		9D5663DB2B3BEF2A0069552B /* Build configuration list for PBXNativeTarget "SocialMediaTests" */ = {
			isa = XCConfigurationList;
			buildConfigurations = (
				9D5663DC2B3BEF2A0069552B /* Debug */,
				9D5663DD2B3BEF2A0069552B /* Release */,
			);
			defaultConfigurationIsVisible = 0;
			defaultConfigurationName = Release;
		};
		9D5663DE2B3BEF2A0069552B /* Build configuration list for PBXNativeTarget "SocialMediaUITests" */ = {
			isa = XCConfigurationList;
			buildConfigurations = (
				9D5663DF2B3BEF2A0069552B /* Debug */,
				9D5663E02B3BEF2A0069552B /* Release */,
			);
			defaultConfigurationIsVisible = 0;
			defaultConfigurationName = Release;
		};
/* End XCConfigurationList section */

/* Begin XCRemoteSwiftPackageReference section */
		9D5663E32B3BF1260069552B /* XCRemoteSwiftPackageReference "firebase-ios-sdk" */ = {
			isa = XCRemoteSwiftPackageReference;
			repositoryURL = "https://github.com/firebase/firebase-ios-sdk";
			requirement = {
				kind = upToNextMajorVersion;
				minimumVersion = 10.19.1;
			};
		};
/* End XCRemoteSwiftPackageReference section */

/* Begin XCSwiftPackageProductDependency section */
		9D6725812B3DDBF900466BA2 /* FirebaseAuth */ = {
			isa = XCSwiftPackageProductDependency;
			package = 9D5663E32B3BF1260069552B /* XCRemoteSwiftPackageReference "firebase-ios-sdk" */;
			productName = FirebaseAuth;
		};
/* End XCSwiftPackageProductDependency section */
	};
	rootObject = 9D5663AC2B3BEF290069552B /* Project object */;
}
